
Microsoft Visual Studio Solution File, Format Version 12.00
# Visual Studio Version 16
VisualStudioVersion = 16.0.31129.286
MinimumVisualStudioVersion = 10.0.40219.1
Project("{FAE04EC0-301F-11D3-BF4B-00C04F79EFBC}") = "PolygonLibrary", "PolygonLibrary\PolygonLibrary.csproj", "{45856CB7-566A-46BF-8668-E3F24D382154}"
EndProject
Global
	GlobalSection(SolutionConfigurationPlatforms) = preSolution
		Debug|Any CPU = Debug|Any CPU
		Release|Any CPU = Release|Any CPU
	EndGlobalSection
	GlobalSection(ProjectConfigurationPlatforms) = postSolution
		{45856CB7-566A-46BF-8668-E3F24D382154}.Debug|Any CPU.ActiveCfg = Debug|Any CPU
		{45856CB7-566A-46BF-8668-E3F24D382154}.Debug|Any CPU.Build.0 = Debug|Any CPU
		{45856CB7-566A-46BF-8668-E3F24D382154}.Release|Any CPU.ActiveCfg = Release|Any CPU
		{45856CB7-566A-46BF-8668-E3F24D382154}.Release|Any CPU.Build.0 = Release|Any CPU
	EndGlobalSection
	GlobalSection(SolutionProperties) = preSolution
		HideSolutionNode = FALSE
	EndGlobalSection
	GlobalSection(ExtensibilityGlobals) = postSolution
		SolutionGuid = {C3CEA247-AA0E-4CFD-9FFA-42B242877720}
	EndGlobalSection
EndGlobal
